{
    "_meta": {
        "hash": {
            "sha256": "54d8ac629bd6f8d2aedacf12961227a7c5cbeb2f02e183010b9ca60890e3039c"
        },
        "pipfile-spec": 6,
        "requires": {
            "python_version": "3.7"
        },
        "sources": [
            {
                "name": "pypi",
                "url": "https://pypi.org/simple",
                "verify_ssl": true
            }
        ]
    },
    "default": {
        "numpy": {
            "hashes": [
                "sha256:032be656d89bbf786d743fee11d01ef318b0781281241997558fa7950028dd29",
                "sha256:104f5e90b143dbf298361a99ac1af4cf59131218a045ebf4ee5990b83cff5fab",
                "sha256:125a0e10ddd99a874fd357bfa1b636cd58deb78ba4a30b5ddb09f645c3512e04",
                "sha256:12e4ba5c6420917571f1a5becc9338abbde71dd811ce40b37ba62dec7b39af6d",
                "sha256:13adf545732bb23a796914fe5f891a12bd74cf3d2986eed7b7eba2941eea1590",
                "sha256:2d7e27442599104ee08f4faed56bb87c55f8b10a5494ac2ead5c98a4b289e61f",
                "sha256:3bc63486a870294683980d76ec1e3efc786295ae00128f9ea38e2c6e74d5a60a",
                "sha256:3d3087e24e354c18fb35c454026af3ed8997cfd4997765266897c68d724e4845",
                "sha256:4ed8e96dc146e12c1c5cdd6fb9fd0757f2ba66048bf94c5126b7efebd12d0090",
                "sha256:60759ab15c94dd0e1ed88241fd4fa3312db4e91d2c8f5a2d4cf3863fad83d65b",
                "sha256:65410c7f4398a0047eea5cca9b74009ea61178efd78d1be9847fac1d6716ec1e",
                "sha256:66b467adfcf628f66ea4ac6430ded0614f5cc06ba530d09571ea404789064adc",
                "sha256:7199109fa46277be503393be9250b983f325880766f847885607d9b13848f257",
                "sha256:72251e43ac426ff98ea802a931922c79b8d7596480300eb9f1b1e45e0543571e",
                "sha256:89e5336f2bec0c726ac7e7cdae181b325a9c0ee24e604704ed830d241c5e47ff",
                "sha256:89f937b13b8dd17b0099c7c2e22066883c86ca1575a975f754babc8fbf8d69a9",
                "sha256:9c94cab5054bad82a70b2e77741271790304651d584e2cdfe2041488e753863b",
                "sha256:9eb551d122fadca7774b97db8a112b77231dcccda8e91a5bc99e79890797175e",
                "sha256:a1d7995d1023335e67fb070b2fae6f5968f5be3802b15ad6d79d81ecaa014fe0",
                "sha256:ae61f02b84a0211abb56462a3b6cd1e7ec39d466d3160eb4e1da8bf6717cdbeb",
                "sha256:b9410c0b6fed4a22554f072a86c361e417f0258838957b78bd063bde2c7f841f",
                "sha256:c26287dfc888cf1e65181f39ea75e11f42ffc4f4529e5bd19add57ad458996e2",
                "sha256:c91ec9569facd4757ade0888371eced2ecf49e7982ce5634cc2cf4e7331a4b14",
                "sha256:ecb5b74c702358cdc21268ff4c37f7466357871f53a30e6f84c686952bef16a9"
            ],
            "version": "==1.20.1"
        },
        "plyfile": {
            "hashes": [
                "sha256:84ba5ee8c70a4924f64aa7edff5764b929f3b7842d53a3197d0b753818ad7089"
            ],
            "index": "pypi",
            "version": "==0.7"
        },
        "protobuf": {
            "hashes": [
                "sha256:21e395d7959551e759d604940a115c51c6347d90a475c9baf471a1a86b5604a9",
                "sha256:57e05e16955aee9e6a0389fcbd58d8289dd2420e47df1a1096b3a232c26eb2dd",
                "sha256:67819e8e48a74c68d87f25cad9f40edfe2faf278cdba5ca73173211b9213b8c9",
                "sha256:75da7d43a2c8a13b0bc7238ab3c8ae217cbfd5979d33b01e98e1f78defb2d060",
                "sha256:78e08371e236f193ce947712c072542ff19d0043ab5318c2ea46bbc2aaebdca6",
                "sha256:7ee5b595db5abb0096e8c4755e69c20dfad38b2d0bcc9bc7bafc652d2496b471",
                "sha256:86260ecfe7a66c0e9d82d2c61f86a14aa974d340d159b829b26f35f710f615db",
                "sha256:92c77db4bd33ea4ee5f15152a835273f2338a5246b2cbb84bab5d0d7f6e9ba94",
                "sha256:9c7b90943e0e188394b4f068926a759e3b4f63738190d1ab3d500d53b9ce7614",
                "sha256:a77f217ea50b2542bae5b318f7acee50d9fc8c95dd6d3656eaeff646f7cab5ee",
                "sha256:ad589ed1d1f83db22df867b10e01fe445516a5a4d7cfa37fe3590a5f6cfc508b",
                "sha256:b06a794901bf573f4b2af87e6139e5cd36ac7c91ac85d7ae3fe5b5f6fc317513",
                "sha256:bd8592cc5f8b4371d0bad92543370d4658dc41a5ccaaf105597eb5524c616291",
                "sha256:be48e5a6248a928ec43adf2bea037073e5da692c0b3c10b34f9904793bd63138",
                "sha256:cc5eb13f5ccc4b1b642cc147c2cdd121a34278b341c7a4d79e91182fff425836",
                "sha256:cd3b0e0ad69b74ee55e7c321f52a98effed2b4f4cc9a10f3683d869de00590d5",
                "sha256:d6e88c4920660aa75c0c2c4b53407aef5efd9a6e0ca7d2fc84d79aba2ccbda3a",
                "sha256:ec3c49b6d247152e19110c3a53d9bb4cf917747882017f70796460728b02722e"
            ],
            "index": "pypi",
            "version": "==3.7.1"
        },
        "pypcd": {
            "hashes": [
                "sha256:32a14d37ffbfd4efe7a10191f26581c48986208ac9a1fdd02f25a6dfa9b144c2",
                "sha256:7ed6c217fa9043813380043e7883c1afd8edde24394c00470e2f6d55dcac15ff"
            ],
            "index": "pypi",
            "version": "==0.1.1"
        },
        "pyproj": {
            "hashes": [
                "sha256:0b363909ba0f873db684e75821c215146b010c38cb719346d872d473b890af78",
                "sha256:0c856964194f4c5e5418e69f2b1fbcc64b4230a7fbc8ba0af06c918f043ca9b8",
                "sha256:0df13fa24a458026e71599b9af75d47bb7994ff24d9f7a94f47960289a9b0d71",
                "sha256:193c966982728ea25addc00a0d4a4ecc2ca722ac13f7addb19a6e8f628eda802",
                "sha256:25d5e394bb91a8a9b3080effdc023ba3a646bf500a28ebaebd4d83ce9584a62a",
                "sha256:38f799621cc3c4c33db367e177340a5f5393ea27994966516d5a8d97b55be230",
                "sha256:3d890a8e75b55934e37d024aa69c2219ae2b26f57cc5daa10a7ec66e6dab365b",
                "sha256:4c1852652b335ddd9c5a2b760f4ab7a8a448d6831818f3ffa5ffbe260370c8c9",
                "sha256:56312e0342f48085b452a35d7f67211b62d6663905622de20321e1fb9386039d",
                "sha256:6c33f973b8719f211de073d9b119095ce420a2e96657aef0f2276f97055dd20f",
                "sha256:783720ae26fd40708193c3775231785efc9068aa67f5df1ab4e354ae03dc3794",
                "sha256:8fd410470f2f3e26983731146863bd939f5b33cc4b572843af836a4a1f43eb44",
                "sha256:99c52788b01a7bb9a88024bf4d40965c0a66a93d654600b5deacf644775f424d",
                "sha256:9beef4f85a25a86caf73cf2f03918f4c19d7002e2c0f85d12151b3382efd6705",
                "sha256:a28c4842ef8e6f2bf04e870ba8634020fa6a0a234b46c585aba33de72e261d3e",
                "sha256:cc4ba1f2ffaff2c36fc3c3a50e49892ee5d468eeed7a572ade71367382df4de7",
                "sha256:d46dc7a2b03724204b8d0daf30fca78d47e9018e10393c2d8b14c5be52ef0135",
                "sha256:e96ec8763f795fbbc8ac0d5bf2fb6ea39d37f17d73d614aacbd18d2b8f5367d8",
                "sha256:f1930f3eacd50acbd7a833d5ca0cdf38bb3a7c86f73a45c9b26f9ec0d1d40de0",
                "sha256:f89b610a9a38d0292e29b06093ffa09365d36259f58aa085b7cf32f2a8ab2b96",
                "sha256:fac2992495a2a4c29690916a129c6cc58cc93cf689db1e1cab016f2e210f3f4a"
            ],
            "index": "pypi",
            "version": "==2.1.3"
        },
        "pyquaternion": {
            "hashes": [
                "sha256:2d89d19259d62a8fbd25219eee7dacc1f6bb570becb70e1e883f622597c7d81d",
                "sha256:9da8a22375783c1d5f2d65d195b4eb6c1ce2c5a5cab4700860b3bacc4dacb460",
                "sha256:bac5945d08b9a2f4106dc76206e40f353c7240fdf37a370e13b03113c135f59b"
            ],
            "index": "pypi",
            "version": "==0.9.5"
        },
        "python-lzf": {
            "hashes": [
                "sha256:d1420f1544e612ef1bb41ce0f1d14c2964b3444612f1468f85a886caff3615d1"
            ],
            "version": "==0.2.4"
        },
        "pyyaml": {
            "hashes": [
                "sha256:02c78d77281d8f8d07a255e57abdbf43b02257f59f50cc6b636937d68efa5dd0",
                "sha256:0dc9f2eb2e3c97640928dec63fd8dc1dd91e6b6ed236bd5ac00332b99b5c2ff9",
                "sha256:124fd7c7bc1e95b1eafc60825f2daf67c73ce7b33f1194731240d24b0d1bf628",
                "sha256:26fcb33776857f4072601502d93e1a619f166c9c00befb52826e7b774efaa9db",
                "sha256:31ba07c54ef4a897758563e3a0fcc60077698df10180abe4b8165d9895c00ebf",
                "sha256:3c49e39ac034fd64fd576d63bb4db53cda89b362768a67f07749d55f128ac18a",
                "sha256:52bf0930903818e600ae6c2901f748bc4869c0c406056f679ab9614e5d21a166",
                "sha256:5a3f345acff76cad4aa9cb171ee76c590f37394186325d53d1aa25318b0d4a09",
                "sha256:5e7ac4e0e79a53451dc2814f6876c2fa6f71452de1498bbe29c0b54b69a986f4",
                "sha256:7242790ab6c20316b8e7bb545be48d7ed36e26bbe279fd56f2c4a12510e60b4b",
                "sha256:737bd70e454a284d456aa1fa71a0b429dd527bcbf52c5c33f7c8eee81ac16b89",
                "sha256:8635d53223b1f561b081ff4adecb828fd484b8efffe542edcfdff471997f7c39",
                "sha256:8b818b6c5a920cbe4203b5a6b14256f0e5244338244560da89b7b0f1313ea4b6",
                "sha256:8bf38641b4713d77da19e91f8b5296b832e4db87338d6aeffe422d42f1ca896d",
                "sha256:a36a48a51e5471513a5aea920cdad84cbd56d70a5057cca3499a637496ea379c",
                "sha256:b2243dd033fd02c01212ad5c601dafb44fbb293065f430b0d3dbf03f3254d615",
                "sha256:cc547d3ead3754712223abb7b403f0a184e4c3eae18c9bb7fd15adef1597cc4b",
                "sha256:cc552b6434b90d9dbed6a4f13339625dc466fd82597119897e9489c953acbc22",
                "sha256:f3790156c606299ff499ec44db422f66f05a7363b39eb9d5b064f17bd7d7c47b",
                "sha256:f7a21e3d99aa3095ef0553e7ceba36fb693998fbb1226f1392ce33681047465f",
                "sha256:fdc6b2cb4b19e431994f25a9160695cc59a4e861710cc6fc97161c5e845fc579"
            ],
            "index": "pypi",
            "version": "==5.4"
        },
        "six": {
            "hashes": [
                "sha256:30639c035cdb23534cd4aa2dd52c3bf48f06e5f4a941509c8bafd8ce11080259",
                "sha256:8b74bedcbbbaca38ff6d7491d76f2b06b3592611af620f8426e82dddb04a5ced"
            ],
            "version": "==1.15.0"
        },
        "wand": {
            "hashes": [
                "sha256:63ab24dee0264a44f5f045d4ecc0d392bc1cc195e5a2f80ce537b2c205c3033b",
                "sha256:a2c318993791fab4fcfd460045415176f81d42f8c6fd8a88fb8d74d2f0f34b97",
                "sha256:f68f32f2e4eca663a361d36148f06372de560442dcf8c785a53a64ee282572c9"
            ],
            "index": "pypi",
            "version": "==0.5.3"
        }
    },
    "develop": {}
}
